
Microsoft Visual Studio Solution File, Format Version 12.00
# Visual Studio Version 16
VisualStudioVersion = 16.0.29230.47
MinimumVisualStudioVersion = 10.0.40219.1
Project("{FAE04EC0-301F-11D3-BF4B-00C04F79EFBC}") = "GitTest2", "GitTest2\GitTest2.csproj", "{519A4462-69CA-4400-998F-4823CAE89671}"
EndProject
Global
	GlobalSection(SolutionConfigurationPlatforms) = preSolution
		Debug|Any CPU = Debug|Any CPU
		Release|Any CPU = Release|Any CPU
	EndGlobalSection
	GlobalSection(ProjectConfigurationPlatforms) = postSolution
		{519A4462-69CA-4400-998F-4823CAE89671}.Debug|Any CPU.ActiveCfg = Debug|Any CPU
		{519A4462-69CA-4400-998F-4823CAE89671}.Debug|Any CPU.Build.0 = Debug|Any CPU
		{519A4462-69CA-4400-998F-4823CAE89671}.Release|Any CPU.ActiveCfg = Release|Any CPU
		{519A4462-69CA-4400-998F-4823CAE89671}.Release|Any CPU.Build.0 = Release|Any CPU
	EndGlobalSection
	GlobalSection(SolutionProperties) = preSolution
		HideSolutionNode = FALSE
	EndGlobalSection
	GlobalSection(ExtensibilityGlobals) = postSolution
		SolutionGuid = {6FCEEA68-85A7-4E18-BC5B-3AED035647B8}
	EndGlobalSection
EndGlobal
